
Microsoft Visual Studio Solution File, Format Version 12.00
# Visual Studio Version 17
VisualStudioVersion = 17.8.34330.188
MinimumVisualStudioVersion = 10.0.40219.1
Project("{FAE04EC0-301F-11D3-BF4B-00C04F79EFBC}") = "Comics.Downloader.API", "Comics.Downloader.API\Comics.Downloader.API.csproj", "{088D04FF-B703-4AA7-8BD9-6951466E8439}"
EndProject
Global
	GlobalSection(SolutionConfigurationPlatforms) = preSolution
		Debug|Any CPU = Debug|Any CPU
		Release|Any CPU = Release|Any CPU
	EndGlobalSection
	GlobalSection(ProjectConfigurationPlatforms) = postSolution
		{088D04FF-B703-4AA7-8BD9-6951466E8439}.Debug|Any CPU.ActiveCfg = Debug|Any CPU
		{088D04FF-B703-4AA7-8BD9-6951466E8439}.Debug|Any CPU.Build.0 = Debug|Any CPU
		{088D04FF-B703-4AA7-8BD9-6951466E8439}.Release|Any CPU.ActiveCfg = Release|Any CPU
		{088D04FF-B703-4AA7-8BD9-6951466E8439}.Release|Any CPU.Build.0 = Release|Any CPU
	EndGlobalSection
	GlobalSection(SolutionProperties) = preSolution
		HideSolutionNode = FALSE
	EndGlobalSection
	GlobalSection(ExtensibilityGlobals) = postSolution
		SolutionGuid = {A9B9C6F4-A82E-4F33-9EF4-51419D9B9876}
	EndGlobalSection
EndGlobal
